
Microsoft Visual Studio Solution File, Format Version 12.00
# Visual Studio 15
Project("{FAE04EC0-301F-11D3-BF4B-00C04F79EFBC}") = "Assembly-CSharp", "Assembly-CSharp.csproj", "{065F1E92-CC82-E86A-F178-FBD57FCF0A6E}"
EndProject
Project("{FAE04EC0-301F-11D3-BF4B-00C04F79EFBC}") = "Assembly-CSharp-firstpass", "Assembly-CSharp-firstpass.csproj", "{7671F75F-BB44-E9D6-38D8-BC74EA0952CD}"
EndProject
Project("{FAE04EC0-301F-11D3-BF4B-00C04F79EFBC}") = "Assembly-CSharp-Editor", "Assembly-CSharp-Editor.csproj", "{EDE5831E-D3D9-4309-BFD8-36A1C6B4DB62}"
EndProject
Global
	GlobalSection(SolutionConfigurationPlatforms) = preSolution
		Debug|Any CPU = Debug|Any CPU
		Release|Any CPU = Release|Any CPU
	EndGlobalSection
	GlobalSection(ProjectConfigurationPlatforms) = postSolution
		{065F1E92-CC82-E86A-F178-FBD57FCF0A6E}.Debug|Any CPU.ActiveCfg = Debug|Any CPU
		{065F1E92-CC82-E86A-F178-FBD57FCF0A6E}.Debug|Any CPU.Build.0 = Debug|Any CPU
		{065F1E92-CC82-E86A-F178-FBD57FCF0A6E}.Release|Any CPU.ActiveCfg = Release|Any CPU
		{065F1E92-CC82-E86A-F178-FBD57FCF0A6E}.Release|Any CPU.Build.0 = Release|Any CPU
		{7671F75F-BB44-E9D6-38D8-BC74EA0952CD}.Debug|Any CPU.ActiveCfg = Debug|Any CPU
		{7671F75F-BB44-E9D6-38D8-BC74EA0952CD}.Debug|Any CPU.Build.0 = Debug|Any CPU
		{7671F75F-BB44-E9D6-38D8-BC74EA0952CD}.Release|Any CPU.ActiveCfg = Release|Any CPU
		{7671F75F-BB44-E9D6-38D8-BC74EA0952CD}.Release|Any CPU.Build.0 = Release|Any CPU
		{EDE5831E-D3D9-4309-BFD8-36A1C6B4DB62}.Debug|Any CPU.ActiveCfg = Debug|Any CPU
		{EDE5831E-D3D9-4309-BFD8-36A1C6B4DB62}.Debug|Any CPU.Build.0 = Debug|Any CPU
		{EDE5831E-D3D9-4309-BFD8-36A1C6B4DB62}.Release|Any CPU.ActiveCfg = Release|Any CPU
		{EDE5831E-D3D9-4309-BFD8-36A1C6B4DB62}.Release|Any CPU.Build.0 = Release|Any CPU
	EndGlobalSection
	GlobalSection(SolutionProperties) = preSolution
		HideSolutionNode = FALSE
	EndGlobalSection
EndGlobal
